Microsoft Visual Studio Solution File, Format Version 12.00
# Visual Studio Version 17
VisualStudioVersion = 17.5.2.0
MinimumVisualStudioVersion = 10.0.40219.1
Project("{FAE04EC0-301F-11D3-BF4B-00C04F79EFBC}") = "Anything.AppHost", "Anything.AppHost.csproj", "{BCFE6406-D672-878D-674D-BB5AD07AD240}"
EndProject
Global
	GlobalSection(SolutionConfigurationPlatforms) = preSolution
		Debug|Any CPU = Debug|Any CPU
		Release|Any CPU = Release|Any CPU
	EndGlobalSection
	GlobalSection(ProjectConfigurationPlatforms) = postSolution
		{BCFE6406-D672-878D-674D-BB5AD07AD240}.Debug|Any CPU.ActiveCfg = Debug|Any CPU
		{BCFE6406-D672-878D-674D-BB5AD07AD240}.Debug|Any CPU.Build.0 = Debug|Any CPU
		{BCFE6406-D672-878D-674D-BB5AD07AD240}.Release|Any CPU.ActiveCfg = Release|Any CPU
		{BCFE6406-D672-878D-674D-BB5AD07AD240}.Release|Any CPU.Build.0 = Release|Any CPU
	EndGlobalSection
	GlobalSection(SolutionProperties) = preSolution
		HideSolutionNode = FALSE
	EndGlobalSection
	GlobalSection(ExtensibilityGlobals) = postSolution
		SolutionGuid = {BFD64907-5A7A-441C-9C4E-A694F3AF2237}
	EndGlobalSection
EndGlobal
